
Microsoft Visual Studio Solution File, Format Version 12.00
# Visual Studio Version 17
VisualStudioVersion = 17.4.33213.308
MinimumVisualStudioVersion = 10.0.40219.1
Project("{FAE04EC0-301F-11D3-BF4B-00C04F79EFBC}") = "Exercise9", "Exercise9\Exercise9.csproj", "{D775C3FA-E733-46AF-9A4C-C97360B0D3BA}"
EndProject
Global
	GlobalSection(SolutionConfigurationPlatforms) = preSolution
		Debug|Any CPU = Debug|Any CPU
		Release|Any CPU = Release|Any CPU
	EndGlobalSection
	GlobalSection(ProjectConfigurationPlatforms) = postSolution
		{D775C3FA-E733-46AF-9A4C-C97360B0D3BA}.Debug|Any CPU.ActiveCfg = Debug|Any CPU
		{D775C3FA-E733-46AF-9A4C-C97360B0D3BA}.Debug|Any CPU.Build.0 = Debug|Any CPU
		{D775C3FA-E733-46AF-9A4C-C97360B0D3BA}.Release|Any CPU.ActiveCfg = Release|Any CPU
		{D775C3FA-E733-46AF-9A4C-C97360B0D3BA}.Release|Any CPU.Build.0 = Release|Any CPU
	EndGlobalSection
	GlobalSection(SolutionProperties) = preSolution
		HideSolutionNode = FALSE
	EndGlobalSection
	GlobalSection(ExtensibilityGlobals) = postSolution
		SolutionGuid = {98DBFE8D-ACB7-4148-81E1-FEEA91392C63}
	EndGlobalSection
EndGlobal
